
Microsoft Visual Studio Solution File, Format Version 12.00
# Visual Studio Version 17
VisualStudioVersion = 17.9.34622.214
MinimumVisualStudioVersion = 10.0.40219.1
Project("{FAE04EC0-301F-11D3-BF4B-00C04F79EFBC}") = "etude-csharp-mouse-drag-and-drop", "etude-csharp-mouse-drag-and-drop\etude-csharp-mouse-drag-and-drop.csproj", "{EF6EC6A3-E574-4FB9-AB28-BFEF91E0ECB9}"
EndProject
Global
	GlobalSection(SolutionConfigurationPlatforms) = preSolution
		Debug|Any CPU = Debug|Any CPU
		Release|Any CPU = Release|Any CPU
	EndGlobalSection
	GlobalSection(ProjectConfigurationPlatforms) = postSolution
		{EF6EC6A3-E574-4FB9-AB28-BFEF91E0ECB9}.Debug|Any CPU.ActiveCfg = Debug|Any CPU
		{EF6EC6A3-E574-4FB9-AB28-BFEF91E0ECB9}.Debug|Any CPU.Build.0 = Debug|Any CPU
		{EF6EC6A3-E574-4FB9-AB28-BFEF91E0ECB9}.Release|Any CPU.ActiveCfg = Release|Any CPU
		{EF6EC6A3-E574-4FB9-AB28-BFEF91E0ECB9}.Release|Any CPU.Build.0 = Release|Any CPU
	EndGlobalSection
	GlobalSection(SolutionProperties) = preSolution
		HideSolutionNode = FALSE
	EndGlobalSection
	GlobalSection(ExtensibilityGlobals) = postSolution
		SolutionGuid = {02DEE178-8BB7-44F1-B9FE-518B822C80F2}
	EndGlobalSection
EndGlobal
